
Microsoft Visual Studio Solution File, Format Version 12.00
# Visual Studio Version 17
VisualStudioVersion = 17.13.35913.81 d17.13
MinimumVisualStudioVersion = 10.0.40219.1
Project("{FAE04EC0-301F-11D3-BF4B-00C04F79EFBC}") = "UniForm", "UniForm\UniForm.csproj", "{310CED7C-A49C-4A77-A586-28E8D7084BBA}"
EndProject
Global
	GlobalSection(SolutionConfigurationPlatforms) = preSolution
		Debug|Any CPU = Debug|Any CPU
		Release|Any CPU = Release|Any CPU
	EndGlobalSection
	GlobalSection(ProjectConfigurationPlatforms) = postSolution
		{310CED7C-A49C-4A77-A586-28E8D7084BBA}.Debug|Any CPU.ActiveCfg = Debug|Any CPU
		{310CED7C-A49C-4A77-A586-28E8D7084BBA}.Debug|Any CPU.Build.0 = Debug|Any CPU
		{310CED7C-A49C-4A77-A586-28E8D7084BBA}.Release|Any CPU.ActiveCfg = Release|Any CPU
		{310CED7C-A49C-4A77-A586-28E8D7084BBA}.Release|Any CPU.Build.0 = Release|Any CPU
	EndGlobalSection
	GlobalSection(SolutionProperties) = preSolution
		HideSolutionNode = FALSE
	EndGlobalSection
	GlobalSection(ExtensibilityGlobals) = postSolution
		SolutionGuid = {246D15EE-6B7D-4BBF-8131-E17126B5C2E1}
	EndGlobalSection
EndGlobal
